# THIS IS AN AUTOGENERATED FILE. DO NOT EDIT THIS FILE DIRECTLY.
# yarn lockfile v1


debug@^2.1.2:
  version "2.5.1"
  resolved "https://registry.yarnpkg.com/debug/-/debug-2.5.1.tgz#9107bb4a506052ec2a02314bc606313ed2b921c1"
  dependencies:
    ms "0.7.2"

durable-json-lint@0.0.2:
  version "0.0.2"
  resolved "https://registry.yarnpkg.com/durable-json-lint/-/durable-json-lint-0.0.2.tgz#0145109c63dc62f550d2ec823583daf669932b1b"
  dependencies:
    esprima "1.0.2"
    free-falafel "0.1.6"

esprima@1.0.2:
  version "1.0.2"
  resolved "https://registry.yarnpkg.com/esprima/-/esprima-1.0.2.tgz#8039bf9ceac4d9d2c15f623264fb292b5502ceaf"

free-falafel@0.1.6:
  version "0.1.6"
  resolved "https://registry.yarnpkg.com/free-falafel/-/free-falafel-0.1.6.tgz#abaa130c3ad446e6cf74c702f6d78fe7da4cd157"
  dependencies:
    esprima "1.0.2"

iconv-lite@^0.4.4:
  version "0.4.15"
  resolved "https://registry.yarnpkg.com/iconv-lite/-/iconv-lite-0.4.15.tgz#fe265a218ac6a57cfe854927e9d04c19825eddeb"

ms@0.7.2:
  version "0.7.2"
  resolved "https://registry.yarnpkg.com/ms/-/ms-0.7.2.tgz#ae25cf2512b3885a1d95d7f037868d8431124765"

needle@^1.0.0:
  version "1.4.2"
  resolved "https://registry.yarnpkg.com/needle/-/needle-1.4.2.tgz#dffba156b7b4fbbd2cd25a59ff1c296326d6e94f"
  dependencies:
    debug "^2.1.2"
    iconv-lite "^0.4.4"

omdb@^0.7.0:
  version "0.7.0"
  resolved "https://registry.yarnpkg.com/omdb/-/omdb-0.7.0.tgz#bcf8187d1f92d5430b11e98deb34aa082c41ec22"
  dependencies:
    durable-json-lint "0.0.2"
    needle "^1.0.0"
